
Microsoft Visual Studio Solution File, Format Version 12.00
# Visual Studio Version 17
VisualStudioVersion = 17.11.35327.3
MinimumVisualStudioVersion = 10.0.40219.1
Project("{9A19103F-16F7-4668-BE54-9A1E7A4F7556}") = "API", "API\API.csproj", "{DCE6A532-BA4F-409E-9484-19C616EF2B17}"
EndProject
Project("{FAE04EC0-301F-11D3-BF4B-00C04F79EFBC}") = "Core", "Core\Core.csproj", "{1A7DB960-150D-4B71-83BD-AC78CEE6FCFE}"
EndProject
Project("{FAE04EC0-301F-11D3-BF4B-00C04F79EFBC}") = "Application", "Application\Application.csproj", "{A385FF68-2B1B-4584-9AE5-918E0141C5D0}"
EndProject
Project("{FAE04EC0-301F-11D3-BF4B-00C04F79EFBC}") = "Infra", "Infraestructure\Infraestructure.csproj", "{F5AC6462-7C75-4961-9032-EDD1948E552B}"
EndProject
Global
	GlobalSection(SolutionConfigurationPlatforms) = preSolution
		Debug|Any CPU = Debug|Any CPU
		Release|Any CPU = Release|Any CPU
	EndGlobalSection
	GlobalSection(ProjectConfigurationPlatforms) = postSolution
		{DCE6A532-BA4F-409E-9484-19C616EF2B17}.Debug|Any CPU.ActiveCfg = Debug|Any CPU
		{DCE6A532-BA4F-409E-9484-19C616EF2B17}.Debug|Any CPU.Build.0 = Debug|Any CPU
		{DCE6A532-BA4F-409E-9484-19C616EF2B17}.Release|Any CPU.ActiveCfg = Release|Any CPU
		{DCE6A532-BA4F-409E-9484-19C616EF2B17}.Release|Any CPU.Build.0 = Release|Any CPU
		{1A7DB960-150D-4B71-83BD-AC78CEE6FCFE}.Debug|Any CPU.ActiveCfg = Debug|Any CPU
		{1A7DB960-150D-4B71-83BD-AC78CEE6FCFE}.Debug|Any CPU.Build.0 = Debug|Any CPU
		{1A7DB960-150D-4B71-83BD-AC78CEE6FCFE}.Release|Any CPU.ActiveCfg = Release|Any CPU
		{1A7DB960-150D-4B71-83BD-AC78CEE6FCFE}.Release|Any CPU.Build.0 = Release|Any CPU
		{A385FF68-2B1B-4584-9AE5-918E0141C5D0}.Debug|Any CPU.ActiveCfg = Debug|Any CPU
		{A385FF68-2B1B-4584-9AE5-918E0141C5D0}.Debug|Any CPU.Build.0 = Debug|Any CPU
		{A385FF68-2B1B-4584-9AE5-918E0141C5D0}.Release|Any CPU.ActiveCfg = Release|Any CPU
		{A385FF68-2B1B-4584-9AE5-918E0141C5D0}.Release|Any CPU.Build.0 = Release|Any CPU
		{F5AC6462-7C75-4961-9032-EDD1948E552B}.Debug|Any CPU.ActiveCfg = Debug|Any CPU
		{F5AC6462-7C75-4961-9032-EDD1948E552B}.Debug|Any CPU.Build.0 = Debug|Any CPU
		{F5AC6462-7C75-4961-9032-EDD1948E552B}.Release|Any CPU.ActiveCfg = Release|Any CPU
		{F5AC6462-7C75-4961-9032-EDD1948E552B}.Release|Any CPU.Build.0 = Release|Any CPU
		{BAC8FB78-0992-4961-A0DA-50709AE404E2}.Debug|Any CPU.ActiveCfg = Debug|Any CPU
		{BAC8FB78-0992-4961-A0DA-50709AE404E2}.Debug|Any CPU.Build.0 = Debug|Any CPU
		{BAC8FB78-0992-4961-A0DA-50709AE404E2}.Release|Any CPU.ActiveCfg = Release|Any CPU
		{BAC8FB78-0992-4961-A0DA-50709AE404E2}.Release|Any CPU.Build.0 = Release|Any CPU
	EndGlobalSection
	GlobalSection(SolutionProperties) = preSolution
		HideSolutionNode = FALSE
	EndGlobalSection
	GlobalSection(ExtensibilityGlobals) = postSolution
		SolutionGuid = {3599AB1B-5360-4310-82E0-069BBA89BD9D}
	EndGlobalSection
EndGlobal
